
Microsoft Visual Studio Solution File, Format Version 12.00
Project("{FAE04EC0-301F-11D3-BF4B-00C04F79EFBC}") = "Codibly.EmailService.Api", "Codibly.EmailService.Api\Codibly.EmailService.Api.csproj", "{39812A9B-3FF8-475E-9DB5-29128BE19C8C}"
EndProject
Global
	GlobalSection(SolutionConfigurationPlatforms) = preSolution
		Debug|Any CPU = Debug|Any CPU
		Release|Any CPU = Release|Any CPU
	EndGlobalSection
	GlobalSection(ProjectConfigurationPlatforms) = postSolution
		{39812A9B-3FF8-475E-9DB5-29128BE19C8C}.Debug|Any CPU.ActiveCfg = Debug|Any CPU
		{39812A9B-3FF8-475E-9DB5-29128BE19C8C}.Debug|Any CPU.Build.0 = Debug|Any CPU
		{39812A9B-3FF8-475E-9DB5-29128BE19C8C}.Release|Any CPU.ActiveCfg = Release|Any CPU
		{39812A9B-3FF8-475E-9DB5-29128BE19C8C}.Release|Any CPU.Build.0 = Release|Any CPU
	EndGlobalSection
EndGlobal
