
Microsoft Visual Studio Solution File, Format Version 12.00
Project("{FAE04EC0-301F-11D3-BF4B-00C04F79EFBC}") = "Codibly.EmailService.Api", "Codibly.EmailService.Api\Codibly.EmailService.Api.csproj", "{39812A9B-3FF8-475E-9DB5-29128BE19C8C}"
EndProject
Project("{FAE04EC0-301F-11D3-BF4B-00C04F79EFBC}") = "Codibly.EmailService.Api.Services", "Codibly.EmailService.Api.Services\Codibly.EmailService.Api.Services.csproj", "{3C64CBFC-BA1A-4C0A-8E37-CDFBD9CE1160}"
EndProject
Project("{FAE04EC0-301F-11D3-BF4B-00C04F79EFBC}") = "Codibly.EmailService.Api.Models", "Codibly.EmailService.Api.Models\Codibly.EmailService.Api.Models.csproj", "{CE38DF70-604D-4CB3-B4D6-FC2375AD5CF9}"
EndProject
Project("{FAE04EC0-301F-11D3-BF4B-00C04F79EFBC}") = "Codibly.EmailService.Api.Dtos", "Codibly.EmailService.Api.Dtos\Codibly.EmailService.Api.Dtos.csproj", "{D35077CB-BE71-4303-81E0-48BA20A679C5}"
EndProject
Global
	GlobalSection(SolutionConfigurationPlatforms) = preSolution
		Debug|Any CPU = Debug|Any CPU
		Release|Any CPU = Release|Any CPU
	EndGlobalSection
	GlobalSection(ProjectConfigurationPlatforms) = postSolution
		{39812A9B-3FF8-475E-9DB5-29128BE19C8C}.Debug|Any CPU.ActiveCfg = Debug|Any CPU
		{39812A9B-3FF8-475E-9DB5-29128BE19C8C}.Debug|Any CPU.Build.0 = Debug|Any CPU
		{39812A9B-3FF8-475E-9DB5-29128BE19C8C}.Release|Any CPU.ActiveCfg = Release|Any CPU
		{39812A9B-3FF8-475E-9DB5-29128BE19C8C}.Release|Any CPU.Build.0 = Release|Any CPU
		{3C64CBFC-BA1A-4C0A-8E37-CDFBD9CE1160}.Debug|Any CPU.ActiveCfg = Debug|Any CPU
		{3C64CBFC-BA1A-4C0A-8E37-CDFBD9CE1160}.Debug|Any CPU.Build.0 = Debug|Any CPU
		{3C64CBFC-BA1A-4C0A-8E37-CDFBD9CE1160}.Release|Any CPU.ActiveCfg = Release|Any CPU
		{3C64CBFC-BA1A-4C0A-8E37-CDFBD9CE1160}.Release|Any CPU.Build.0 = Release|Any CPU
		{CE38DF70-604D-4CB3-B4D6-FC2375AD5CF9}.Debug|Any CPU.ActiveCfg = Debug|Any CPU
		{CE38DF70-604D-4CB3-B4D6-FC2375AD5CF9}.Debug|Any CPU.Build.0 = Debug|Any CPU
		{CE38DF70-604D-4CB3-B4D6-FC2375AD5CF9}.Release|Any CPU.ActiveCfg = Release|Any CPU
		{CE38DF70-604D-4CB3-B4D6-FC2375AD5CF9}.Release|Any CPU.Build.0 = Release|Any CPU
		{D35077CB-BE71-4303-81E0-48BA20A679C5}.Debug|Any CPU.ActiveCfg = Debug|Any CPU
		{D35077CB-BE71-4303-81E0-48BA20A679C5}.Debug|Any CPU.Build.0 = Debug|Any CPU
		{D35077CB-BE71-4303-81E0-48BA20A679C5}.Release|Any CPU.ActiveCfg = Release|Any CPU
		{D35077CB-BE71-4303-81E0-48BA20A679C5}.Release|Any CPU.Build.0 = Release|Any CPU
	EndGlobalSection
EndGlobal
